
Microsoft Visual Studio Solution File, Format Version 12.00
# Visual Studio 15
VisualStudioVersion = 15.0.28307.438
MinimumVisualStudioVersion = 10.0.40219.1
Project("{9A19103F-16F7-4668-BE54-9A1E7A4F7556}") = "RANSAC.Console", "RANSAC.Console\RANSAC.Console.csproj", "{0AC94AD1-D8D1-4880-A03C-DC709416C002}"
EndProject
Project("{9A19103F-16F7-4668-BE54-9A1E7A4F7556}") = "RANSAC", "RANSAC\RANSAC.csproj", "{E30C51FE-7B35-4A4C-8C86-C718E3BB1193}"
EndProject
Project("{888888A0-9F3D-457C-B088-3A5042F75D52}") = "RANSAC.Python", "RANSAC.Python\RANSAC.Python.pyproj", "{2720C096-AC58-4882-9DBB-AD8788D0A449}"
EndProject
Project("{9A19103F-16F7-4668-BE54-9A1E7A4F7556}") = "RANSAC.Test4CloudCompiler", "RANSAC.Test4CloudCompiler\RANSAC.Test4CloudCompiler.csproj", "{1BA32AE0-1857-40A9-AA42-EFE04615174E}"
EndProject
Global
	GlobalSection(SolutionConfigurationPlatforms) = preSolution
		Debug|Any CPU = Debug|Any CPU
		Debug|x64 = Debug|x64
		Release|Any CPU = Release|Any CPU
		Release|x64 = Release|x64
	EndGlobalSection
	GlobalSection(ProjectConfigurationPlatforms) = postSolution
		{0AC94AD1-D8D1-4880-A03C-DC709416C002}.Debug|Any CPU.ActiveCfg = Debug|Any CPU
		{0AC94AD1-D8D1-4880-A03C-DC709416C002}.Debug|Any CPU.Build.0 = Debug|Any CPU
		{0AC94AD1-D8D1-4880-A03C-DC709416C002}.Debug|x64.ActiveCfg = Debug|x64
		{0AC94AD1-D8D1-4880-A03C-DC709416C002}.Debug|x64.Build.0 = Debug|x64
		{0AC94AD1-D8D1-4880-A03C-DC709416C002}.Release|Any CPU.ActiveCfg = Release|Any CPU
		{0AC94AD1-D8D1-4880-A03C-DC709416C002}.Release|Any CPU.Build.0 = Release|Any CPU
		{0AC94AD1-D8D1-4880-A03C-DC709416C002}.Release|x64.ActiveCfg = Release|x64
		{0AC94AD1-D8D1-4880-A03C-DC709416C002}.Release|x64.Build.0 = Release|x64
		{E30C51FE-7B35-4A4C-8C86-C718E3BB1193}.Debug|Any CPU.ActiveCfg = Debug|Any CPU
		{E30C51FE-7B35-4A4C-8C86-C718E3BB1193}.Debug|Any CPU.Build.0 = Debug|Any CPU
		{E30C51FE-7B35-4A4C-8C86-C718E3BB1193}.Debug|x64.ActiveCfg = Debug|x64
		{E30C51FE-7B35-4A4C-8C86-C718E3BB1193}.Debug|x64.Build.0 = Debug|x64
		{E30C51FE-7B35-4A4C-8C86-C718E3BB1193}.Release|Any CPU.ActiveCfg = Release|Any CPU
		{E30C51FE-7B35-4A4C-8C86-C718E3BB1193}.Release|Any CPU.Build.0 = Release|Any CPU
		{E30C51FE-7B35-4A4C-8C86-C718E3BB1193}.Release|x64.ActiveCfg = Release|x64
		{E30C51FE-7B35-4A4C-8C86-C718E3BB1193}.Release|x64.Build.0 = Release|x64
		{2720C096-AC58-4882-9DBB-AD8788D0A449}.Debug|Any CPU.ActiveCfg = Debug|Any CPU
		{2720C096-AC58-4882-9DBB-AD8788D0A449}.Debug|x64.ActiveCfg = Debug|Any CPU
		{2720C096-AC58-4882-9DBB-AD8788D0A449}.Release|Any CPU.ActiveCfg = Release|Any CPU
		{2720C096-AC58-4882-9DBB-AD8788D0A449}.Release|x64.ActiveCfg = Release|Any CPU
		{1BA32AE0-1857-40A9-AA42-EFE04615174E}.Debug|Any CPU.ActiveCfg = Debug|Any CPU
		{1BA32AE0-1857-40A9-AA42-EFE04615174E}.Debug|Any CPU.Build.0 = Debug|Any CPU
		{1BA32AE0-1857-40A9-AA42-EFE04615174E}.Debug|x64.ActiveCfg = Debug|x64
		{1BA32AE0-1857-40A9-AA42-EFE04615174E}.Debug|x64.Build.0 = Debug|x64
		{1BA32AE0-1857-40A9-AA42-EFE04615174E}.Release|Any CPU.ActiveCfg = Release|Any CPU
		{1BA32AE0-1857-40A9-AA42-EFE04615174E}.Release|Any CPU.Build.0 = Release|Any CPU
		{1BA32AE0-1857-40A9-AA42-EFE04615174E}.Release|x64.ActiveCfg = Release|x64
		{1BA32AE0-1857-40A9-AA42-EFE04615174E}.Release|x64.Build.0 = Release|x64
	EndGlobalSection
	GlobalSection(SolutionProperties) = preSolution
		HideSolutionNode = FALSE
	EndGlobalSection
	GlobalSection(ExtensibilityGlobals) = postSolution
		SolutionGuid = {9D08D095-1830-4C41-B915-6B6927E55A5B}
	EndGlobalSection
EndGlobal
