
Microsoft Visual Studio Solution File, Format Version 12.00
# Visual Studio 15
VisualStudioVersion = 15.0.28307.438
MinimumVisualStudioVersion = 10.0.40219.1
Project("{9A19103F-16F7-4668-BE54-9A1E7A4F7556}") = "RANSAC.Console", "RANSAC.Console\RANSAC.Console.csproj", "{0AC94AD1-D8D1-4880-A03C-DC709416C002}"
EndProject
Project("{9A19103F-16F7-4668-BE54-9A1E7A4F7556}") = "RANSAC", "RANSAC\RANSAC.csproj", "{E30C51FE-7B35-4A4C-8C86-C718E3BB1193}"
EndProject
Project("{FAE04EC0-301F-11D3-BF4B-00C04F79EFBC}") = "RANSAC.Test", "RANSAC.Test\RANSAC.Test.csproj", "{73C62754-B9D6-4747-8A9E-AFC5EF0BE7FF}"
EndProject
Global
	GlobalSection(SolutionConfigurationPlatforms) = preSolution
		Debug|Any CPU = Debug|Any CPU
		Release|Any CPU = Release|Any CPU
	EndGlobalSection
	GlobalSection(ProjectConfigurationPlatforms) = postSolution
		{0AC94AD1-D8D1-4880-A03C-DC709416C002}.Debug|Any CPU.ActiveCfg = Debug|Any CPU
		{0AC94AD1-D8D1-4880-A03C-DC709416C002}.Debug|Any CPU.Build.0 = Debug|Any CPU
		{0AC94AD1-D8D1-4880-A03C-DC709416C002}.Release|Any CPU.ActiveCfg = Release|Any CPU
		{0AC94AD1-D8D1-4880-A03C-DC709416C002}.Release|Any CPU.Build.0 = Release|Any CPU
		{E30C51FE-7B35-4A4C-8C86-C718E3BB1193}.Debug|Any CPU.ActiveCfg = Debug|Any CPU
		{E30C51FE-7B35-4A4C-8C86-C718E3BB1193}.Debug|Any CPU.Build.0 = Debug|Any CPU
		{E30C51FE-7B35-4A4C-8C86-C718E3BB1193}.Release|Any CPU.ActiveCfg = Release|Any CPU
		{E30C51FE-7B35-4A4C-8C86-C718E3BB1193}.Release|Any CPU.Build.0 = Release|Any CPU
		{73C62754-B9D6-4747-8A9E-AFC5EF0BE7FF}.Debug|Any CPU.ActiveCfg = Debug|Any CPU
		{73C62754-B9D6-4747-8A9E-AFC5EF0BE7FF}.Debug|Any CPU.Build.0 = Debug|Any CPU
		{73C62754-B9D6-4747-8A9E-AFC5EF0BE7FF}.Release|Any CPU.ActiveCfg = Release|Any CPU
		{73C62754-B9D6-4747-8A9E-AFC5EF0BE7FF}.Release|Any CPU.Build.0 = Release|Any CPU
	EndGlobalSection
	GlobalSection(SolutionProperties) = preSolution
		HideSolutionNode = FALSE
	EndGlobalSection
	GlobalSection(ExtensibilityGlobals) = postSolution
		SolutionGuid = {9D08D095-1830-4C41-B915-6B6927E55A5B}
	EndGlobalSection
EndGlobal
